
Microsoft Visual Studio Solution File, Format Version 12.00
# Visual Studio Version 17
VisualStudioVersion = 17.1.32328.378
MinimumVisualStudioVersion = 10.0.40219.1
Project("{FAE04EC0-301F-11D3-BF4B-00C04F79EFBC}") = "CSharp.LabExercise2", "CSharp.LabExercise2.csproj", "{7652B814-ADF4-4041-9381-C1F11999596A}"
EndProject
Global
	GlobalSection(SolutionConfigurationPlatforms) = preSolution
		Debug|Any CPU = Debug|Any CPU
		Release|Any CPU = Release|Any CPU
	EndGlobalSection
	GlobalSection(ProjectConfigurationPlatforms) = postSolution
		{7652B814-ADF4-4041-9381-C1F11999596A}.Debug|Any CPU.ActiveCfg = Debug|Any CPU
		{7652B814-ADF4-4041-9381-C1F11999596A}.Debug|Any CPU.Build.0 = Debug|Any CPU
		{7652B814-ADF4-4041-9381-C1F11999596A}.Release|Any CPU.ActiveCfg = Release|Any CPU
		{7652B814-ADF4-4041-9381-C1F11999596A}.Release|Any CPU.Build.0 = Release|Any CPU
	EndGlobalSection
	GlobalSection(SolutionProperties) = preSolution
		HideSolutionNode = FALSE
	EndGlobalSection
	GlobalSection(ExtensibilityGlobals) = postSolution
		SolutionGuid = {942963D9-3BDF-4A68-BC95-580911574293}
	EndGlobalSection
EndGlobal
